
Microsoft Visual Studio Solution File, Format Version 12.00
# Visual Studio Version 17
VisualStudioVersion = 17.1.32421.90
MinimumVisualStudioVersion = 10.0.40219.1
Project("{FAE04EC0-301F-11D3-BF4B-00C04F79EFBC}") = "card-api", "card-api.csproj", "{9DFF7008-BA1E-472A-A871-7DDD07EE4B4B}"
EndProject
Global
	GlobalSection(SolutionConfigurationPlatforms) = preSolution
		Debug|Any CPU = Debug|Any CPU
		Release|Any CPU = Release|Any CPU
	EndGlobalSection
	GlobalSection(ProjectConfigurationPlatforms) = postSolution
		{9DFF7008-BA1E-472A-A871-7DDD07EE4B4B}.Debug|Any CPU.ActiveCfg = Debug|Any CPU
		{9DFF7008-BA1E-472A-A871-7DDD07EE4B4B}.Debug|Any CPU.Build.0 = Debug|Any CPU
		{9DFF7008-BA1E-472A-A871-7DDD07EE4B4B}.Release|Any CPU.ActiveCfg = Release|Any CPU
		{9DFF7008-BA1E-472A-A871-7DDD07EE4B4B}.Release|Any CPU.Build.0 = Release|Any CPU
	EndGlobalSection
	GlobalSection(SolutionProperties) = preSolution
		HideSolutionNode = FALSE
	EndGlobalSection
	GlobalSection(ExtensibilityGlobals) = postSolution
		SolutionGuid = {E6F5A42C-C0DB-4276-BC55-EF4FCFE674D1}
	EndGlobalSection
EndGlobal
